{
  "name": "types",
  "version": "1.0.0",
  "lockfileVersion": 1,
  "requires": true,
  "dependencies": {
    "@types/node": {
      "version": "13.9.5",
      "resolved": "https://registry.npmjs.org/@types/node/-/node-13.9.5.tgz",
      "integrity": "sha512-hkzMMD3xu6BrJpGVLeQ3htQQNAcOrJjX7WFmtK8zWQpz2UJf13LCFF2ALA7c9OVdvc2vQJeDdjfR35M0sBCxvw=="
    },
    "@types/underscore": {
      "version": "1.9.4",
      "resolved": "https://registry.npmjs.org/@types/underscore/-/underscore-1.9.4.tgz",
      "integrity": "sha512-CjHWEMECc2/UxOZh0kpiz3lEyX2Px3rQS9HzD20lxMvx571ivOBQKeLnqEjxUY0BMgp6WJWo/pQLRBwMW5v4WQ=="
    },
    "underscore": {
      "version": "1.12.1",
      "resolved": "https://registry.npmjs.org/underscore/-/underscore-1.12.1.tgz",
      "integrity": "sha512-hEQt0+ZLDVUMhebKxL4x1BTtDY7bavVofhZ9KZ4aI26X9SRaE+Y3m83XUL1UP2jn8ynjndwCCpEHdUG+9pP1Tw=="
    }
  }
}
