# THIS IS AN AUTOGENERATED FILE. DO NOT EDIT THIS FILE DIRECTLY.
# yarn lockfile v1


"@types/node@^13.9.5":
  version "13.9.5"
  resolved "https://registry.yarnpkg.com/@types/node/-/node-13.9.5.tgz#59738bf30b31aea1faa2df7f4a5f55613750cf00"
  integrity sha512-hkzMMD3xu6BrJpGVLeQ3htQQNAcOrJjX7WFmtK8zWQpz2UJf13LCFF2ALA7c9OVdvc2vQJeDdjfR35M0sBCxvw==

"@types/underscore@^1.9.4":
  version "1.9.4"
  resolved "https://registry.yarnpkg.com/@types/underscore/-/underscore-1.9.4.tgz#22d1a3e6b494608e430221ec085fa0b7ccee7f33"
  integrity sha512-CjHWEMECc2/UxOZh0kpiz3lEyX2Px3rQS9HzD20lxMvx571ivOBQKeLnqEjxUY0BMgp6WJWo/pQLRBwMW5v4WQ==

underscore@^1.12.1:
  version "1.12.1"
  resolved "https://registry.yarnpkg.com/underscore/-/underscore-1.12.1.tgz#7bb8cc9b3d397e201cf8553336d262544ead829e"
  integrity sha512-hEQt0+ZLDVUMhebKxL4x1BTtDY7bavVofhZ9KZ4aI26X9SRaE+Y3m83XUL1UP2jn8ynjndwCCpEHdUG+9pP1Tw==
